GEM
  remote: https://rubygems.org/
  specs:
    addressable (2.9.0)
      public_suffix (>= 2.0.2, < 8.0)
    bigdecimal (4.1.2)
    json-schema (6.2.0)
      addressable (~> 2.8)
      bigdecimal (>= 3.1, < 5)
    mcp (0.18.0)
      json-schema (>= 4.1)
    public_suffix (7.0.5)

PLATFORMS
  arm64-darwin-20
  ruby

DEPENDENCIES
  mcp (~> 0.18)

CHECKSUMS
  addressable (2.9.0) sha256=7fdf6ac3660f7f4e867a0838be3f6cf722ace541dd97767fa42bc6cfa980c7af
  bigdecimal (4.1.2) sha256=53d217666027eab4280346fba98e7d5b66baaae1b9c3c1c0ffe89d48188a3fbd
  bundler (4.0.13) sha256=19f08be7f27022cf0b89f27da0b044ae075e8270a9ef44ad248a932614e1ca3b
  json-schema (6.2.0) sha256=e8bff46ed845a22c1ab2bd0d7eccf831c01fe23bb3920caa4c74db4306813666
  mcp (0.18.0) sha256=4d8ec572c1536f53370196539d5272355fb6480ed969ea58a8d24917ee2562c8
  public_suffix (7.0.5) sha256=1a8bb08f1bbea19228d3bed6e5ed908d1cb4f7c2726d18bd9cadf60bc676f623

RUBY VERSION
  ruby 3.4.5

BUNDLED WITH
  4.0.13
